
Microsoft Visual Studio Solution File, Format Version 12.00
# Visual Studio 2012
Project("{FAE04EC0-301F-11D3-BF4B-00C04F79EFBC}") = "Wallit", "Wallit\Wallit.csproj", "{A7E41727-4E82-423C-A8F4-65F43C6C43AA}"
EndProject
Project("{FAE04EC0-301F-11D3-BF4B-00C04F79EFBC}") = "Wallit-WPF", "Wallit-WPF\Wallit-WPF.csproj", "{501A3681-12AE-4FA0-BF82-D7C2968E17A3}"
EndProject
Global
	GlobalSection(SolutionConfigurationPlatforms) = preSolution
		Debug|Any CPU = Debug|Any CPU
		Release|Any CPU = Release|Any CPU
	EndGlobalSection
	GlobalSection(ProjectConfigurationPlatforms) = postSolution
		{A7E41727-4E82-423C-A8F4-65F43C6C43AA}.Debug|Any CPU.ActiveCfg = Debug|Any CPU
		{A7E41727-4E82-423C-A8F4-65F43C6C43AA}.Debug|Any CPU.Build.0 = Debug|Any CPU
		{A7E41727-4E82-423C-A8F4-65F43C6C43AA}.Release|Any CPU.ActiveCfg = Release|Any CPU
		{A7E41727-4E82-423C-A8F4-65F43C6C43AA}.Release|Any CPU.Build.0 = Release|Any CPU
		{501A3681-12AE-4FA0-BF82-D7C2968E17A3}.Debug|Any CPU.ActiveCfg = Debug|Any CPU
		{501A3681-12AE-4FA0-BF82-D7C2968E17A3}.Debug|Any CPU.Build.0 = Debug|Any CPU
		{501A3681-12AE-4FA0-BF82-D7C2968E17A3}.Release|Any CPU.ActiveCfg = Release|Any CPU
		{501A3681-12AE-4FA0-BF82-D7C2968E17A3}.Release|Any CPU.Build.0 = Release|Any CPU
	EndGlobalSection
	GlobalSection(SolutionProperties) = preSolution
		HideSolutionNode = FALSE
	EndGlobalSection
EndGlobal
